// !$*UTF8*$!
{
	archiveVersion = 1;
	classes = {
	};
	objectVersion = 55;
	objects = {

/* Begin PBXBuildFile section */
		47CB4348275E3E2E00AC2D58 /* UI_384App.swift in Sources */ = {isa = PBXBuildFile; fileRef = 47CB4347275E3E2E00AC2D58 /* UI_384App.swift */; };
		47CB434A275E3E2E00AC2D58 /* ContentView.swift in Sources */ = {isa = PBXBuildFile; fileRef = 47CB4349275E3E2E00AC2D58 /* ContentView.swift */; };
		47CB434C275E3E3000AC2D58 /* Assets.xcassets in Resources */ = {isa = PBXBuildFile; fileRef = 47CB434B275E3E3000AC2D58 /* Assets.xcassets */; };
		47CB434F275E3E3000AC2D58 /* Preview Assets.xcassets in Resources */ = {isa = PBXBuildFile; fileRef = 47CB434E275E3E3000AC2D58 /* Preview Assets.xcassets */; };
		47CB4359275E3E3000AC2D58 /* UI_384Tests.swift in Sources */ = {isa = PBXBuildFile; fileRef = 47CB4358275E3E3000AC2D58 /* UI_384Tests.swift */; };
		47CB4363275E3E3000AC2D58 /* UI_384UITests.swift in Sources */ = {isa = PBXBuildFile; fileRef = 47CB4362275E3E3000AC2D58 /* UI_384UITests.swift */; };
		47CB4365275E3E3000AC2D58 /* UI_384UITestsLaunchTests.swift in Sources */ = {isa = PBXBuildFile; fileRef = 47CB4364275E3E3000AC2D58 /* UI_384UITestsLaunchTests.swift */; };
		47CB4376275E400000AC2D58 /* Model.swift in Sources */ = {isa = PBXBuildFile; fileRef = 47CB4375275E400000AC2D58 /* Model.swift */; };
/* End PBXBuildFile section */

/* Begin PBXContainerItemProxy section */
		47CB4355275E3E3000AC2D58 /* PBXContainerItemProxy */ = {
			isa = PBXContainerItemProxy;
			containerPortal = 47CB433C275E3E2E00AC2D58 /* Project object */;
			proxyType = 1;
			remoteGlobalIDString = 47CB4343275E3E2E00AC2D58;
			remoteInfo = "UI-384";
		};
		47CB435F275E3E3000AC2D58 /* PBXContainerItemProxy */ = {
			isa = PBXContainerItemProxy;
			containerPortal = 47CB433C275E3E2E00AC2D58 /* Project object */;
			proxyType = 1;
			remoteGlobalIDString = 47CB4343275E3E2E00AC2D58;
			remoteInfo = "UI-384";
		};
/* End PBXContainerItemProxy section */

/* Begin PBXFileReference section */
		47CB4344275E3E2E00AC2D58 /* UI-384.app */ = {isa = PBXFileReference; explicitFileType = wrapper.application; includeInIndex = 0; path = "UI-384.app"; sourceTree = BUILT_PRODUCTS_DIR; };
		47CB4347275E3E2E00AC2D58 /* UI_384App.swift */ = {isa = PBXFileReference; lastKnownFileType = sourcecode.swift; path = UI_384App.swift; sourceTree = "<group>"; };
		47CB4349275E3E2E00AC2D58 /* ContentView.swift */ = {isa = PBXFileReference; lastKnownFileType = sourcecode.swift; path = ContentView.swift; sourceTree = "<group>"; };
		47CB434B275E3E3000AC2D58 /* Assets.xcassets */ = {isa = PBXFileReference; lastKnownFileType = folder.assetcatalog; path = Assets.xcassets; sourceTree = "<group>"; };
		47CB434E275E3E3000AC2D58 /* Preview Assets.xcassets */ = {isa = PBXFileReference; lastKnownFileType = folder.assetcatalog; path = "Preview Assets.xcassets"; sourceTree = "<group>"; };
		47CB4354275E3E3000AC2D58 /* UI-384Tests.xctest */ = {isa = PBXFileReference; explicitFileType = wrapper.cfbundle; includeInIndex = 0; path = "UI-384Tests.xctest"; sourceTree = BUILT_PRODUCTS_DIR; };
		47CB4358275E3E3000AC2D58 /* UI_384Tests.swift */ = {isa = PBXFileReference; lastKnownFileType = sourcecode.swift; path = UI_384Tests.swift; sourceTree = "<group>"; };
		47CB435E275E3E3000AC2D58 /* UI-384UITests.xctest */ = {isa = PBXFileReference; explicitFileType = wrapper.cfbundle; includeInIndex = 0; path = "UI-384UITests.xctest"; sourceTree = BUILT_PRODUCTS_DIR; };
		47CB4362275E3E3000AC2D58 /* UI_384UITests.swift */ = {isa = PBXFileReference; lastKnownFileType = sourcecode.swift; path = UI_384UITests.swift; sourceTree = "<group>"; };
		47CB4364275E3E3000AC2D58 /* UI_384UITestsLaunchTests.swift */ = {isa = PBXFileReference; lastKnownFileType = sourcecode.swift; path = UI_384UITestsLaunchTests.swift; sourceTree = "<group>"; };
		47CB4375275E400000AC2D58 /* Model.swift */ = {isa = PBXFileReference; lastKnownFileType = sourcecode.swift; path = Model.swift; sourceTree = "<group>"; };
/* End PBXFileReference section */

/* Begin PBXFrameworksBuildPhase section */
		47CB4341275E3E2E00AC2D58 /* Frameworks */ = {
			isa = PBXFrameworksBuildPhase;
			buildActionMask = 2147483647;
			files = (
			);
			runOnlyForDeploymentPostprocessing = 0;
		};
		47CB4351275E3E3000AC2D58 /* Frameworks */ = {
			isa = PBXFrameworksBuildPhase;
			buildActionMask = 2147483647;
			files = (
			);
			runOnlyForDeploymentPostprocessing = 0;
		};
		47CB435B275E3E3000AC2D58 /* Frameworks */ = {
			isa = PBXFrameworksBuildPhase;
			buildActionMask = 2147483647;
			files = (
			);
			runOnlyForDeploymentPostprocessing = 0;
		};
/* End PBXFrameworksBuildPhase section */

/* Begin PBXGroup section */
		47CB433B275E3E2E00AC2D58 = {
			isa = PBXGroup;
			children = (
				47CB4346275E3E2E00AC2D58 /* UI-384 */,
				47CB4357275E3E3000AC2D58 /* UI-384Tests */,
				47CB4361275E3E3000AC2D58 /* UI-384UITests */,
				47CB4345275E3E2E00AC2D58 /* Products */,
			);
			sourceTree = "<group>";
		};
		47CB4345275E3E2E00AC2D58 /* Products */ = {
			isa = PBXGroup;
			children = (
				47CB4344275E3E2E00AC2D58 /* UI-384.app */,
				47CB4354275E3E3000AC2D58 /* UI-384Tests.xctest */,
				47CB435E275E3E3000AC2D58 /* UI-384UITests.xctest */,
			);
			name = Products;
			sourceTree = "<group>";
		};
		47CB4346275E3E2E00AC2D58 /* UI-384 */ = {
			isa = PBXGroup;
			children = (
				47CB4372275E3E6E00AC2D58 /* Model */,
				47CB4371275E3E4C00AC2D58 /* View */,
				47CB4347275E3E2E00AC2D58 /* UI_384App.swift */,
				47CB4349275E3E2E00AC2D58 /* ContentView.swift */,
				47CB434B275E3E3000AC2D58 /* Assets.xcassets */,
				47CB434D275E3E3000AC2D58 /* Preview Content */,
			);
			path = "UI-384";
			sourceTree = "<group>";
		};
		47CB434D275E3E3000AC2D58 /* Preview Content */ = {
			isa = PBXGroup;
			children = (
				47CB434E275E3E3000AC2D58 /* Preview Assets.xcassets */,
			);
			path = "Preview Content";
			sourceTree = "<group>";
		};
		47CB4357275E3E3000AC2D58 /* UI-384Tests */ = {
			isa = PBXGroup;
			children = (
				47CB4358275E3E3000AC2D58 /* UI_384Tests.swift */,
			);
			path = "UI-384Tests";
			sourceTree = "<group>";
		};
		47CB4361275E3E3000AC2D58 /* UI-384UITests */ = {
			isa = PBXGroup;
			children = (
				47CB4362275E3E3000AC2D58 /* UI_384UITests.swift */,
				47CB4364275E3E3000AC2D58 /* UI_384UITestsLaunchTests.swift */,
			);
			path = "UI-384UITests";
			sourceTree = "<group>";
		};
		47CB4371275E3E4C00AC2D58 /* View */ = {
			isa = PBXGroup;
			children = (
			);
			path = View;
			sourceTree = "<group>";
		};
		47CB4372275E3E6E00AC2D58 /* Model */ = {
			isa = PBXGroup;
			children = (
				47CB4375275E400000AC2D58 /* Model.swift */,
			);
			path = Model;
			sourceTree = "<group>";
		};
/* End PBXGroup section */

/* Begin PBXNativeTarget section */
		47CB4343275E3E2E00AC2D58 /* UI-384 */ = {
			isa = PBXNativeTarget;
			buildConfigurationList = 47CB4368275E3E3000AC2D58 /* Build configuration list for PBXNativeTarget "UI-384" */;
			buildPhases = (
				47CB4340275E3E2E00AC2D58 /* Sources */,
				47CB4341275E3E2E00AC2D58 /* Frameworks */,
				47CB4342275E3E2E00AC2D58 /* Resources */,
			);
			buildRules = (
			);
			dependencies = (
			);
			name = "UI-384";
			productName = "UI-384";
			productReference = 47CB4344275E3E2E00AC2D58 /* UI-384.app */;
			productType = "com.apple.product-type.application";
		};
		47CB4353275E3E3000AC2D58 /* UI-384Tests */ = {
			isa = PBXNativeTarget;
			buildConfigurationList = 47CB436B275E3E3000AC2D58 /* Build configuration list for PBXNativeTarget "UI-384Tests" */;
			buildPhases = (
				47CB4350275E3E3000AC2D58 /* Sources */,
				47CB4351275E3E3000AC2D58 /* Frameworks */,
				47CB4352275E3E3000AC2D58 /* Resources */,
			);
			buildRules = (
			);
			dependencies = (
				47CB4356275E3E3000AC2D58 /* PBXTargetDependency */,
			);
			name = "UI-384Tests";
			productName = "UI-384Tests";
			productReference = 47CB4354275E3E3000AC2D58 /* UI-384Tests.xctest */;
			productType = "com.apple.product-type.bundle.unit-test";
		};
		47CB435D275E3E3000AC2D58 /* UI-384UITests */ = {
			isa = PBXNativeTarget;
			buildConfigurationList = 47CB436E275E3E3000AC2D58 /* Build configuration list for PBXNativeTarget "UI-384UITests" */;
			buildPhases = (
				47CB435A275E3E3000AC2D58 /* Sources */,
				47CB435B275E3E3000AC2D58 /* Frameworks */,
				47CB435C275E3E3000AC2D58 /* Resources */,
			);
			buildRules = (
			);
			dependencies = (
				47CB4360275E3E3000AC2D58 /* PBXTargetDependency */,
			);
			name = "UI-384UITests";
			productName = "UI-384UITests";
			productReference = 47CB435E275E3E3000AC2D58 /* UI-384UITests.xctest */;
			productType = "com.apple.product-type.bundle.ui-testing";
		};
/* End PBXNativeTarget section */

/* Begin PBXProject section */
		47CB433C275E3E2E00AC2D58 /* Project object */ = {
			isa = PBXProject;
			attributes = {
				BuildIndependentTargetsInParallel = 1;
				LastSwiftUpdateCheck = 1310;
				LastUpgradeCheck = 1310;
				TargetAttributes = {
					47CB4343275E3E2E00AC2D58 = {
						CreatedOnToolsVersion = 13.1;
					};
					47CB4353275E3E3000AC2D58 = {
						CreatedOnToolsVersion = 13.1;
						TestTargetID = 47CB4343275E3E2E00AC2D58;
					};
					47CB435D275E3E3000AC2D58 = {
						CreatedOnToolsVersion = 13.1;
						TestTargetID = 47CB4343275E3E2E00AC2D58;
					};
				};
			};
			buildConfigurationList = 47CB433F275E3E2E00AC2D58 /* Build configuration list for PBXProject "UI-384" */;
			compatibilityVersion = "Xcode 13.0";
			developmentRegion = en;
			hasScannedForEncodings = 0;
			knownRegions = (
				en,
				Base,
			);
			mainGroup = 47CB433B275E3E2E00AC2D58;
			productRefGroup = 47CB4345275E3E2E00AC2D58 /* Products */;
			projectDirPath = "";
			projectRoot = "";
			targets = (
				47CB4343275E3E2E00AC2D58 /* UI-384 */,
				47CB4353275E3E3000AC2D58 /* UI-384Tests */,
				47CB435D275E3E3000AC2D58 /* UI-384UITests */,
			);
		};
/* End PBXProject section */

/* Begin PBXResourcesBuildPhase section */
		47CB4342275E3E2E00AC2D58 /* Resources */ = {
			isa = PBXResourcesBuildPhase;
			buildActionMask = 2147483647;
			files = (
				47CB434F275E3E3000AC2D58 /* Preview Assets.xcassets in Resources */,
				47CB434C275E3E3000AC2D58 /* Assets.xcassets in Resources */,
			);
			runOnlyForDeploymentPostprocessing = 0;
		};
		47CB4352275E3E3000AC2D58 /* Resources */ = {
			isa = PBXResourcesBuildPhase;
			buildActionMask = 2147483647;
			files = (
			);
			runOnlyForDeploymentPostprocessing = 0;
		};
		47CB435C275E3E3000AC2D58 /* Resources */ = {
			isa = PBXResourcesBuildPhase;
			buildActionMask = 2147483647;
			files = (
			);
			runOnlyForDeploymentPostprocessing = 0;
		};
/* End PBXResourcesBuildPhase section */

/* Begin PBXSourcesBuildPhase section */
		47CB4340275E3E2E00AC2D58 /* Sources */ = {
			isa = PBXSourcesBuildPhase;
			buildActionMask = 2147483647;
			files = (
				47CB4376275E400000AC2D58 /* Model.swift in Sources */,
				47CB434A275E3E2E00AC2D58 /* ContentView.swift in Sources */,
				47CB4348275E3E2E00AC2D58 /* UI_384App.swift in Sources */,
			);
			runOnlyForDeploymentPostprocessing = 0;
		};
		47CB4350275E3E3000AC2D58 /* Sources */ = {
			isa = PBXSourcesBuildPhase;
			buildActionMask = 2147483647;
			files = (
				47CB4359275E3E3000AC2D58 /* UI_384Tests.swift in Sources */,
			);
			runOnlyForDeploymentPostprocessing = 0;
		};
		47CB435A275E3E3000AC2D58 /* Sources */ = {
			isa = PBXSourcesBuildPhase;
			buildActionMask = 2147483647;
			files = (
				47CB4365275E3E3000AC2D58 /* UI_384UITestsLaunchTests.swift in Sources */,
				47CB4363275E3E3000AC2D58 /* UI_384UITests.swift in Sources */,
			);
			runOnlyForDeploymentPostprocessing = 0;
		};
/* End PBXSourcesBuildPhase section */

/* Begin PBXTargetDependency section */
		47CB4356275E3E3000AC2D58 /* PBXTargetDependency */ = {
			isa = PBXTargetDependency;
			target = 47CB4343275E3E2E00AC2D58 /* UI-384 */;
			targetProxy = 47CB4355275E3E3000AC2D58 /* PBXContainerItemProxy */;
		};
		47CB4360275E3E3000AC2D58 /* PBXTargetDependency */ = {
			isa = PBXTargetDependency;
			target = 47CB4343275E3E2E00AC2D58 /* UI-384 */;
			targetProxy = 47CB435F275E3E3000AC2D58 /* PBXContainerItemProxy */;
		};
/* End PBXTargetDependency section */

/* Begin XCBuildConfiguration section */
		47CB4366275E3E3000AC2D58 /* Debug */ = {
			isa = XCBuildConfiguration;
			buildSettings = {
				ALWAYS_SEARCH_USER_PATHS = NO;
				CLANG_ANALYZER_NONNULL = YES;
				CLANG_ANALYZER_NUMBER_OBJECT_CONVERSION = YES_AGGRESSIVE;
				CLANG_CXX_LANGUAGE_STANDARD = "gnu++17";
				CLANG_CXX_LIBRARY = "libc++";
				CLANG_ENABLE_MODULES = YES;
				CLANG_ENABLE_OBJC_ARC = YES;
				CLANG_ENABLE_OBJC_WEAK = YES;
				CLANG_WARN_BLOCK_CAPTURE_AUTORELEASING = YES;
				CLANG_WARN_BOOL_CONVERSION = YES;
				CLANG_WARN_COMMA = YES;
				CLANG_WARN_CONSTANT_CONVERSION = YES;
				CLANG_WARN_DEPRECATED_OBJC_IMPLEMENTATIONS = YES;
				CLANG_WARN_DIRECT_OBJC_ISA_USAGE = YES_ERROR;
				CLANG_WARN_DOCUMENTATION_COMMENTS = YES;
				CLANG_WARN_EMPTY_BODY = YES;
				CLANG_WARN_ENUM_CONVERSION = YES;
				CLANG_WARN_INFINITE_RECURSION = YES;
				CLANG_WARN_INT_CONVERSION = YES;
				CLANG_WARN_NON_LITERAL_NULL_CONVERSION = YES;
				CLANG_WARN_OBJC_IMPLICIT_RETAIN_SELF = YES;
				CLANG_WARN_OBJC_LITERAL_CONVERSION = YES;
				CLANG_WARN_OBJC_ROOT_CLASS = YES_ERROR;
				CLANG_WARN_QUOTED_INCLUDE_IN_FRAMEWORK_HEADER = YES;
				CLANG_WARN_RANGE_LOOP_ANALYSIS = YES;
				CLANG_WARN_STRICT_PROTOTYPES = YES;
				CLANG_WARN_SUSPICIOUS_MOVE = YES;
				CLANG_WARN_UNGUARDED_AVAILABILITY = YES_AGGRESSIVE;
				CLANG_WARN_UNREACHABLE_CODE = YES;
				CLANG_WARN__DUPLICATE_METHOD_MATCH = YES;
				COPY_PHASE_STRIP = NO;
				DEBUG_INFORMATION_FORMAT = dwarf;
				ENABLE_STRICT_OBJC_MSGSEND = YES;
				ENABLE_TESTABILITY = YES;
				GCC_C_LANGUAGE_STANDARD = gnu11;
				GCC_DYNAMIC_NO_PIC = NO;
				GCC_NO_COMMON_BLOCKS = YES;
				GCC_OPTIMIZATION_LEVEL = 0;
				GCC_PREPROCESSOR_DEFINITIONS = (
					"DEBUG=1",
					"$(inherited)",
				);
				GCC_WARN_64_TO_32_BIT_CONVERSION = YES;
				GCC_WARN_ABOUT_RETURN_TYPE = YES_ERROR;
				GCC_WARN_UNDECLARED_SELECTOR = YES;
				GCC_WARN_UNINITIALIZED_AUTOS = YES_AGGRESSIVE;
				GCC_WARN_UNUSED_FUNCTION = YES;
				GCC_WARN_UNUSED_VARIABLE = YES;
				IPHONEOS_DEPLOYMENT_TARGET = 15.0;
				MTL_ENABLE_DEBUG_INFO = INCLUDE_SOURCE;
				MTL_FAST_MATH = YES;
				ONLY_ACTIVE_ARCH = YES;
				SDKROOT = iphoneos;
				SWIFT_ACTIVE_COMPILATION_CONDITIONS = DEBUG;
				SWIFT_OPTIMIZATION_LEVEL = "-Onone";
			};
			name = Debug;
		};
		47CB4367275E3E3000AC2D58 /* Release */ = {
			isa = XCBuildConfiguration;
			buildSettings = {
				ALWAYS_SEARCH_USER_PATHS = NO;
				CLANG_ANALYZER_NONNULL = YES;
				CLANG_ANALYZER_NUMBER_OBJECT_CONVERSION = YES_AGGRESSIVE;
				CLANG_CXX_LANGUAGE_STANDARD = "gnu++17";
				CLANG_CXX_LIBRARY = "libc++";
				CLANG_ENABLE_MODULES = YES;
				CLANG_ENABLE_OBJC_ARC = YES;
				CLANG_ENABLE_OBJC_WEAK = YES;
				CLANG_WARN_BLOCK_CAPTURE_AUTORELEASING = YES;
				CLANG_WARN_BOOL_CONVERSION = YES;
				CLANG_WARN_COMMA = YES;
				CLANG_WARN_CONSTANT_CONVERSION = YES;
				CLANG_WARN_DEPRECATED_OBJC_IMPLEMENTATIONS = YES;
				CLANG_WARN_DIRECT_OBJC_ISA_USAGE = YES_ERROR;
				CLANG_WARN_DOCUMENTATION_COMMENTS = YES;
				CLANG_WARN_EMPTY_BODY = YES;
				CLANG_WARN_ENUM_CONVERSION = YES;
				CLANG_WARN_INFINITE_RECURSION = YES;
				CLANG_WARN_INT_CONVERSION = YES;
				CLANG_WARN_NON_LITERAL_NULL_CONVERSION = YES;
				CLANG_WARN_OBJC_IMPLICIT_RETAIN_SELF = YES;
				CLANG_WARN_OBJC_LITERAL_CONVERSION = YES;
				CLANG_WARN_OBJC_ROOT_CLASS = YES_ERROR;
				CLANG_WARN_QUOTED_INCLUDE_IN_FRAMEWORK_HEADER = YES;
				CLANG_WARN_RANGE_LOOP_ANALYSIS = YES;
				CLANG_WARN_STRICT_PROTOTYPES = YES;
				CLANG_WARN_SUSPICIOUS_MOVE = YES;
				CLANG_WARN_UNGUARDED_AVAILABILITY = YES_AGGRESSIVE;
				CLANG_WARN_UNREACHABLE_CODE = YES;
				CLANG_WARN__DUPLICATE_METHOD_MATCH = YES;
				COPY_PHASE_STRIP = NO;
				DEBUG_INFORMATION_FORMAT = "dwarf-with-dsym";
				ENABLE_NS_ASSERTIONS = NO;
				ENABLE_STRICT_OBJC_MSGSEND = YES;
				GCC_C_LANGUAGE_STANDARD = gnu11;
				GCC_NO_COMMON_BLOCKS = YES;
				GCC_WARN_64_TO_32_BIT_CONVERSION = YES;
				GCC_WARN_ABOUT_RETURN_TYPE = YES_ERROR;
				GCC_WARN_UNDECLARED_SELECTOR = YES;
				GCC_WARN_UNINITIALIZED_AUTOS = YES_AGGRESSIVE;
				GCC_WARN_UNUSED_FUNCTION = YES;
				GCC_WARN_UNUSED_VARIABLE = YES;
				IPHONEOS_DEPLOYMENT_TARGET = 15.0;
				MTL_ENABLE_DEBUG_INFO = NO;
				MTL_FAST_MATH = YES;
				SDKROOT = iphoneos;
				SWIFT_COMPILATION_MODE = wholemodule;
				SWIFT_OPTIMIZATION_LEVEL = "-O";
				VALIDATE_PRODUCT = YES;
			};
			name = Release;
		};
		47CB4369275E3E3000AC2D58 /* Debug */ = {
			isa = XCBuildConfiguration;
			buildSettings = {
				ASSETCATALOG_COMPILER_APPICON_NAME = AppIcon;
				ASSETCATALOG_COMPILER_GLOBAL_ACCENT_COLOR_NAME = AccentColor;
				CODE_SIGN_STYLE = Automatic;
				CURRENT_PROJECT_VERSION = 1;
				DEVELOPMENT_ASSET_PATHS = "\"UI-384/Preview Content\"";
				DEVELOPMENT_TEAM = 8CL4U468K5;
				ENABLE_PREVIEWS = YES;
				GENERATE_INFOPLIST_FILE = YES;
				INFOPLIST_KEY_UIApplicationSceneManifest_Generation = YES;
				INFOPLIST_KEY_UIApplicationSupportsIndirectInputEvents = YES;
				INFOPLIST_KEY_UILaunchScreen_Generation = YES;
				INFOPLIST_KEY_UISupportedInterfaceOrientations_iPad = "UIInterfaceOrientationPortrait UIInterfaceOrientationPortraitUpsideDown UIInterfaceOrientationLandscapeLeft UIInterfaceOrientationLandscapeRight";
				INFOPLIST_KEY_UISupportedInterfaceOrientations_iPhone = "UIInterfaceOrientationPortrait UIInterfaceOrientationLandscapeLeft UIInterfaceOrientationLandscapeRight";
				LD_RUNPATH_SEARCH_PATHS = (
					"$(inherited)",
					"@executable_path/Frameworks",
				);
				MARKETING_VERSION = 1.0;
				PRODUCT_BUNDLE_IDENTIFIER = "com.585.UI-384";
				PRODUCT_NAME = "$(TARGET_NAME)";
				SWIFT_EMIT_LOC_STRINGS = YES;
				SWIFT_VERSION = 5.0;
				TARGETED_DEVICE_FAMILY = "1,2";
			};
			name = Debug;
		};
		47CB436A275E3E3000AC2D58 /* Release */ = {
			isa = XCBuildConfiguration;
			buildSettings = {
				ASSETCATALOG_COMPILER_APPICON_NAME = AppIcon;
				ASSETCATALOG_COMPILER_GLOBAL_ACCENT_COLOR_NAME = AccentColor;
				CODE_SIGN_STYLE = Automatic;
				CURRENT_PROJECT_VERSION = 1;
				DEVELOPMENT_ASSET_PATHS = "\"UI-384/Preview Content\"";
				DEVELOPMENT_TEAM = 8CL4U468K5;
				ENABLE_PREVIEWS = YES;
				GENERATE_INFOPLIST_FILE = YES;
				INFOPLIST_KEY_UIApplicationSceneManifest_Generation = YES;
				INFOPLIST_KEY_UIApplicationSupportsIndirectInputEvents = YES;
				INFOPLIST_KEY_UILaunchScreen_Generation = YES;
				INFOPLIST_KEY_UISupportedInterfaceOrientations_iPad = "UIInterfaceOrientationPortrait UIInterfaceOrientationPortraitUpsideDown UIInterfaceOrientationLandscapeLeft UIInterfaceOrientationLandscapeRight";
				INFOPLIST_KEY_UISupportedInterfaceOrientations_iPhone = "UIInterfaceOrientationPortrait UIInterfaceOrientationLandscapeLeft UIInterfaceOrientationLandscapeRight";
				LD_RUNPATH_SEARCH_PATHS = (
					"$(inherited)",
					"@executable_path/Frameworks",
				);
				MARKETING_VERSION = 1.0;
				PRODUCT_BUNDLE_IDENTIFIER = "com.585.UI-384";
				PRODUCT_NAME = "$(TARGET_NAME)";
				SWIFT_EMIT_LOC_STRINGS = YES;
				SWIFT_VERSION = 5.0;
				TARGETED_DEVICE_FAMILY = "1,2";
			};
			name = Release;
		};
		47CB436C275E3E3000AC2D58 /* Debug */ = {
			isa = XCBuildConfiguration;
			buildSettings = {
				ALWAYS_EMBED_SWIFT_STANDARD_LIBRARIES = YES;
				BUNDLE_LOADER = "$(TEST_HOST)";
				CODE_SIGN_STYLE = Automatic;
				CURRENT_PROJECT_VERSION = 1;
				DEVELOPMENT_TEAM = 8CL4U468K5;
				GENERATE_INFOPLIST_FILE = YES;
				IPHONEOS_DEPLOYMENT_TARGET = 15.0;
				LD_RUNPATH_SEARCH_PATHS = (
					"$(inherited)",
					"@executable_path/Frameworks",
					"@loader_path/Frameworks",
				);
				MARKETING_VERSION = 1.0;
				PRODUCT_BUNDLE_IDENTIFIER = "com.585.UI-384Tests";
				PRODUCT_NAME = "$(TARGET_NAME)";
				SWIFT_EMIT_LOC_STRINGS = NO;
				SWIFT_VERSION = 5.0;
				TARGETED_DEVICE_FAMILY = "1,2";
				TEST_HOST = "$(BUILT_PRODUCTS_DIR)/UI-384.app/UI-384";
			};
			name = Debug;
		};
		47CB436D275E3E3000AC2D58 /* Release */ = {
			isa = XCBuildConfiguration;
			buildSettings = {
				ALWAYS_EMBED_SWIFT_STANDARD_LIBRARIES = YES;
				BUNDLE_LOADER = "$(TEST_HOST)";
				CODE_SIGN_STYLE = Automatic;
				CURRENT_PROJECT_VERSION = 1;
				DEVELOPMENT_TEAM = 8CL4U468K5;
				GENERATE_INFOPLIST_FILE = YES;
				IPHONEOS_DEPLOYMENT_TARGET = 15.0;
				LD_RUNPATH_SEARCH_PATHS = (
					"$(inherited)",
					"@executable_path/Frameworks",
					"@loader_path/Frameworks",
				);
				MARKETING_VERSION = 1.0;
				PRODUCT_BUNDLE_IDENTIFIER = "com.585.UI-384Tests";
				PRODUCT_NAME = "$(TARGET_NAME)";
				SWIFT_EMIT_LOC_STRINGS = NO;
				SWIFT_VERSION = 5.0;
				TARGETED_DEVICE_FAMILY = "1,2";
				TEST_HOST = "$(BUILT_PRODUCTS_DIR)/UI-384.app/UI-384";
			};
			name = Release;
		};
		47CB436F275E3E3000AC2D58 /* Debug */ = {
			isa = XCBuildConfiguration;
			buildSettings = {
				ALWAYS_EMBED_SWIFT_STANDARD_LIBRARIES = YES;
				CODE_SIGN_STYLE = Automatic;
				CURRENT_PROJECT_VERSION = 1;
				DEVELOPMENT_TEAM = 8CL4U468K5;
				GENERATE_INFOPLIST_FILE = YES;
				LD_RUNPATH_SEARCH_PATHS = (
					"$(inherited)",
					"@executable_path/Frameworks",
					"@loader_path/Frameworks",
				);
				MARKETING_VERSION = 1.0;
				PRODUCT_BUNDLE_IDENTIFIER = "com.585.UI-384UITests";
				PRODUCT_NAME = "$(TARGET_NAME)";
				SWIFT_EMIT_LOC_STRINGS = NO;
				SWIFT_VERSION = 5.0;
				TARGETED_DEVICE_FAMILY = "1,2";
				TEST_TARGET_NAME = "UI-384";
			};
			name = Debug;
		};
		47CB4370275E3E3000AC2D58 /* Release */ = {
			isa = XCBuildConfiguration;
			buildSettings = {
				ALWAYS_EMBED_SWIFT_STANDARD_LIBRARIES = YES;
				CODE_SIGN_STYLE = Automatic;
				CURRENT_PROJECT_VERSION = 1;
				DEVELOPMENT_TEAM = 8CL4U468K5;
				GENERATE_INFOPLIST_FILE = YES;
				LD_RUNPATH_SEARCH_PATHS = (
					"$(inherited)",
					"@executable_path/Frameworks",
					"@loader_path/Frameworks",
				);
				MARKETING_VERSION = 1.0;
				PRODUCT_BUNDLE_IDENTIFIER = "com.585.UI-384UITests";
				PRODUCT_NAME = "$(TARGET_NAME)";
				SWIFT_EMIT_LOC_STRINGS = NO;
				SWIFT_VERSION = 5.0;
				TARGETED_DEVICE_FAMILY = "1,2";
				TEST_TARGET_NAME = "UI-384";
			};
			name = Release;
		};
/* End XCBuildConfiguration section */

/* Begin XCConfigurationList section */
		47CB433F275E3E2E00AC2D58 /* Build configuration list for PBXProject "UI-384" */ = {
			isa = XCConfigurationList;
			buildConfigurations = (
				47CB4366275E3E3000AC2D58 /* Debug */,
				47CB4367275E3E3000AC2D58 /* Release */,
			);
			defaultConfigurationIsVisible = 0;
			defaultConfigurationName = Release;
		};
		47CB4368275E3E3000AC2D58 /* Build configuration list for PBXNativeTarget "UI-384" */ = {
			isa = XCConfigurationList;
			buildConfigurations = (
				47CB4369275E3E3000AC2D58 /* Debug */,
				47CB436A275E3E3000AC2D58 /* Release */,
			);
			defaultConfigurationIsVisible = 0;
			defaultConfigurationName = Release;
		};
		47CB436B275E3E3000AC2D58 /* Build configuration list for PBXNativeTarget "UI-384Tests" */ = {
			isa = XCConfigurationList;
			buildConfigurations = (
				47CB436C275E3E3000AC2D58 /* Debug */,
				47CB436D275E3E3000AC2D58 /* Release */,
			);
			defaultConfigurationIsVisible = 0;
			defaultConfigurationName = Release;
		};
		47CB436E275E3E3000AC2D58 /* Build configuration list for PBXNativeTarget "UI-384UITests" */ = {
			isa = XCConfigurationList;
			buildConfigurations = (
				47CB436F275E3E3000AC2D58 /* Debug */,
				47CB4370275E3E3000AC2D58 /* Release */,
			);
			defaultConfigurationIsVisible = 0;
			defaultConfigurationName = Release;
		};
/* End XCConfigurationList section */
	};
	rootObject = 47CB433C275E3E2E00AC2D58 /* Project object */;
}
